<?xml version="1.0" encoding="utf-8"?>
<Project ToolsVersion="4.0" xmlns="http://schemas.microsoft.com/developer/msbuild/2003">
  <ItemGroup>
    <Filter Include="Source Files">
      <UniqueIdentifier>{6b5f9543-b14b-4da7-9eae-7a585b04c1e8}</UniqueIdentifier>
    </Filter>
  </ItemGroup>
  <ItemGroup>
    <ClCompile Include="algorithm.cpp">
      <Filter>Source Files</Filter>
    </ClCompile>
    <ClCompile Include="any.cpp">
      <Filter>Source Files</Filter>
    </ClCompile>
    <ClCompile Include="atomic.cpp">
      <Filter>Source Files</Filter>
    </ClCompile>
    <ClCompile Include="barrier.cpp">
      <Filter>Source Files</Filter>
    </ClCompile>
    <ClCompile Include="bind.cpp">
      <Filter>Source Files</Filter>
    </ClCompile>
    <ClCompile Include="charconv.cpp">
      <Filter>Source Files</Filter>
    </ClCompile>
    <ClCompile Include="chrono.cpp">
      <Filter>Source Files</Filter>
    </ClCompile>
    <ClCompile Include="condition_variable.cpp">
      <Filter>Source Files</Filter>
    </ClCompile>
    <ClCompile Include="condition_variable_destructor.cpp">
      <Filter>Source Files</Filter>
    </ClCompile>
    <ClCompile Include="exception.cpp">
      <Filter>Source Files</Filter>
    </ClCompile>
    <ClCompile Include="functional.cpp">
      <Filter>Source Files</Filter>
    </ClCompile>
    <ClCompile Include="future.cpp">
      <Filter>Source Files</Filter>
    </ClCompile>
    <ClCompile Include="hash.cpp">
      <Filter>Source Files</Filter>
    </ClCompile>
    <ClCompile Include="ios.cpp">
      <Filter>Source Files</Filter>
    </ClCompile>
    <ClCompile Include="iostream.cpp">
      <Filter>Source Files</Filter>
    </ClCompile>
    <ClCompile Include="locale.cpp">
      <Filter>Source Files</Filter>
    </ClCompile>
    <ClCompile Include="support\win32\locale_win32.cpp">
      <Filter>Source Files</Filter>
    </ClCompile>
    <ClCompile Include="memory.cpp">
      <Filter>Source Files</Filter>
    </ClCompile>
    <ClCompile Include="mutex.cpp">
      <Filter>Source Files</Filter>
    </ClCompile>
    <ClCompile Include="mutex_destructor.cpp">
      <Filter>Source Files</Filter>
    </ClCompile>
    <ClCompile Include="new.cpp">
      <Filter>Source Files</Filter>
    </ClCompile>
    <ClCompile Include="optional.cpp">
      <Filter>Source Files</Filter>
    </ClCompile>
    <ClCompile Include="random.cpp">
      <Filter>Source Files</Filter>
    </ClCompile>
    <ClCompile Include="random_shuffle.cpp">
      <Filter>Source Files</Filter>
    </ClCompile>
    <ClCompile Include="regex.cpp">
      <Filter>Source Files</Filter>
    </ClCompile>
    <ClCompile Include="shared_mutex.cpp">
      <Filter>Source Files</Filter>
    </ClCompile>
    <ClCompile Include="stdexcept.cpp">
      <Filter>Source Files</Filter>
    </ClCompile>
    <ClCompile Include="string.cpp">
      <Filter>Source Files</Filter>
    </ClCompile>
    <ClCompile Include="strstream.cpp">
      <Filter>Source Files</Filter>
    </ClCompile>
    <ClCompile Include="support\win32\support.cpp">
      <Filter>Source Files</Filter>
    </ClCompile>
    <ClCompile Include="system_error.cpp">
      <Filter>Source Files</Filter>
    </ClCompile>
    <ClCompile Include="thread.cpp">
      <Filter>Source Files</Filter>
    </ClCompile>
    <ClCompile Include="typeinfo.cpp">
      <Filter>Source Files</Filter>
    </ClCompile>
    <ClCompile Include="valarray.cpp">
      <Filter>Source Files</Filter>
    </ClCompile>
    <ClCompile Include="variant.cpp">
      <Filter>Source Files</Filter>
    </ClCompile>
    <ClCompile Include="vector.cpp">
      <Filter>Source Files</Filter>
    </ClCompile>
    <ClCompile Include="filesystem\path.cpp">
      <Filter>Source Files</Filter>
    </ClCompile>
    <ClCompile Include="filesystem\directory_entry.cpp">
      <Filter>Source Files</Filter>
    </ClCompile>
    <ClCompile Include="filesystem\filesystem_clock.cpp">
      <Filter>Source Files</Filter>
    </ClCompile>
    <ClCompile Include="filesystem\filesystem_error.cpp">
      <Filter>Source Files</Filter>
    </ClCompile>
    <ClCompile Include="ios.instantiations.cpp">
      <Filter>Source Files</Filter>
    </ClCompile>
    <ClCompile Include="legacy_debug_handler.cpp">
      <Filter>Source Files</Filter>
    </ClCompile>
    <ClCompile Include="legacy_pointer_safety.cpp">
      <Filter>Source Files</Filter>
    </ClCompile>
    <ClCompile Include="memory_resource.cpp">
      <Filter>Source Files</Filter>
    </ClCompile>
    <ClCompile Include="new_handler.cpp">
      <Filter>Source Files</Filter>
    </ClCompile>
    <ClCompile Include="new_helpers.cpp">
      <Filter>Source Files</Filter>
    </ClCompile>
    <ClCompile Include="print.cpp">
      <Filter>Source Files</Filter>
    </ClCompile>
    <ClCompile Include="filesystem\operations.cpp">
      <Filter>Source Files</Filter>
    </ClCompile>
    <ClCompile Include="filesystem\directory_iterator.cpp">
      <Filter>Source Files</Filter>
    </ClCompile>
    <ClCompile Include="verbose_abort.cpp">
      <Filter>Source Files</Filter>
    </ClCompile>
  </ItemGroup>
</Project>